// !$*UTF8*$!
{
	archiveVersion = 1;
	classes = {
	};
	objectVersion = 55;
	objects = {

/* Begin PBXBuildFile section */
		278F5F21274DA24900969C31 /* Notes WatchKit App.app in Embed Watch Content */ = {isa = PBXBuildFile; fileRef = 278F5F20274DA24900969C31 /* Notes WatchKit App.app */; settings = {ATTRIBUTES = (RemoveHeadersOnCopy, ); }; };
		278F5F26274DA24C00969C31 /* Assets.xcassets in Resources */ = {isa = PBXBuildFile; fileRef = 278F5F25274DA24C00969C31 /* Assets.xcassets */; };
		278F5F2C274DA24C00969C31 /* Notes WatchKit Extension.appex in Embed App Extensions */ = {isa = PBXBuildFile; fileRef = 278F5F2B274DA24C00969C31 /* Notes WatchKit Extension.appex */; settings = {ATTRIBUTES = (RemoveHeadersOnCopy, ); }; };
		278F5F31274DA24C00969C31 /* NotesApp.swift in Sources */ = {isa = PBXBuildFile; fileRef = 278F5F30274DA24C00969C31 /* NotesApp.swift */; };
		278F5F33274DA24C00969C31 /* ContentView.swift in Sources */ = {isa = PBXBuildFile; fileRef = 278F5F32274DA24C00969C31 /* ContentView.swift */; };
		278F5F35274DA24C00969C31 /* NotificationController.swift in Sources */ = {isa = PBXBuildFile; fileRef = 278F5F34274DA24C00969C31 /* NotificationController.swift */; };
		278F5F37274DA24C00969C31 /* NotificationView.swift in Sources */ = {isa = PBXBuildFile; fileRef = 278F5F36274DA24C00969C31 /* NotificationView.swift */; };
		278F5F39274DA24C00969C31 /* ComplicationController.swift in Sources */ = {isa = PBXBuildFile; fileRef = 278F5F38274DA24C00969C31 /* ComplicationController.swift */; };
		278F5F3B274DA24D00969C31 /* Assets.xcassets in Resources */ = {isa = PBXBuildFile; fileRef = 278F5F3A274DA24D00969C31 /* Assets.xcassets */; };
		278F5F3E274DA24D00969C31 /* Preview Assets.xcassets in Resources */ = {isa = PBXBuildFile; fileRef = 278F5F3D274DA24D00969C31 /* Preview Assets.xcassets */; };
		278F5F50274DA2DA00969C31 /* NotesOnNotes.md in Resources */ = {isa = PBXBuildFile; fileRef = 278F5F4E274DA2D900969C31 /* NotesOnNotes.md */; };
		278F5F51274DA2DA00969C31 /* notesPictures in Resources */ = {isa = PBXBuildFile; fileRef = 278F5F4F274DA2D900969C31 /* notesPictures */; };
		278F5F55274F055A00969C31 /* Note.swift in Sources */ = {isa = PBXBuildFile; fileRef = 278F5F54274F055A00969C31 /* Note.swift */; };
		27F2431B2759690E0058A959 /* DetailView.swift in Sources */ = {isa = PBXBuildFile; fileRef = 27F2431A2759690E0058A959 /* DetailView.swift */; };
		27F2431D27597CE30058A959 /* CreditsView.swift in Sources */ = {isa = PBXBuildFile; fileRef = 27F2431C27597CE30058A959 /* CreditsView.swift */; };
		27F2432027597E320058A959 /* HeaderView.swift in Sources */ = {isa = PBXBuildFile; fileRef = 27F2431F27597E320058A959 /* HeaderView.swift */; };
		27F2432227598AA30058A959 /* SettingsView.swift in Sources */ = {isa = PBXBuildFile; fileRef = 27F2432127598AA30058A959 /* SettingsView.swift */; };
/* End PBXBuildFile section */

/* Begin PBXContainerItemProxy section */
		278F5F22274DA24900969C31 /* PBXContainerItemProxy */ = {
			isa = PBXContainerItemProxy;
			containerPortal = 278F5F16274DA24900969C31 /* Project object */;
			proxyType = 1;
			remoteGlobalIDString = 278F5F1F274DA24900969C31;
			remoteInfo = "Notes WatchKit App";
		};
		278F5F2D274DA24C00969C31 /* PBXContainerItemProxy */ = {
			isa = PBXContainerItemProxy;
			containerPortal = 278F5F16274DA24900969C31 /* Project object */;
			proxyType = 1;
			remoteGlobalIDString = 278F5F2A274DA24C00969C31;
			remoteInfo = "Notes WatchKit Extension";
		};
/* End PBXContainerItemProxy section */

/* Begin PBXCopyFilesBuildPhase section */
		278F5F46274DA24D00969C31 /* Embed App Extensions */ = {
			isa = PBXCopyFilesBuildPhase;
			buildActionMask = 2147483647;
			dstPath = "";
			dstSubfolderSpec = 13;
			files = (
				278F5F2C274DA24C00969C31 /* Notes WatchKit Extension.appex in Embed App Extensions */,
			);
			name = "Embed App Extensions";
			runOnlyForDeploymentPostprocessing = 0;
		};
		278F5F4A274DA24D00969C31 /* Embed Watch Content */ = {
			isa = PBXCopyFilesBuildPhase;
			buildActionMask = 2147483647;
			dstPath = "$(CONTENTS_FOLDER_PATH)/Watch";
			dstSubfolderSpec = 16;
			files = (
				278F5F21274DA24900969C31 /* Notes WatchKit App.app in Embed Watch Content */,
			);
			name = "Embed Watch Content";
			runOnlyForDeploymentPostprocessing = 0;
		};
/* End PBXCopyFilesBuildPhase section */

/* Begin PBXFileReference section */
		278F5F1C274DA24900969C31 /* Notes.app */ = {isa = PBXFileReference; explicitFileType = wrapper.application; includeInIndex = 0; path = Notes.app; sourceTree = BUILT_PRODUCTS_DIR; };
		278F5F20274DA24900969C31 /* Notes WatchKit App.app */ = {isa = PBXFileReference; explicitFileType = wrapper.application; includeInIndex = 0; path = "Notes WatchKit App.app"; sourceTree = BUILT_PRODUCTS_DIR; };
		278F5F25274DA24C00969C31 /* Assets.xcassets */ = {isa = PBXFileReference; lastKnownFileType = folder.assetcatalog; path = Assets.xcassets; sourceTree = "<group>"; };
		278F5F2B274DA24C00969C31 /* Notes WatchKit Extension.appex */ = {isa = PBXFileReference; explicitFileType = "wrapper.app-extension"; includeInIndex = 0; path = "Notes WatchKit Extension.appex"; sourceTree = BUILT_PRODUCTS_DIR; };
		278F5F30274DA24C00969C31 /* NotesApp.swift */ = {isa = PBXFileReference; lastKnownFileType = sourcecode.swift; path = NotesApp.swift; sourceTree = "<group>"; };
		278F5F32274DA24C00969C31 /* ContentView.swift */ = {isa = PBXFileReference; lastKnownFileType = sourcecode.swift; path = ContentView.swift; sourceTree = "<group>"; };
		278F5F34274DA24C00969C31 /* NotificationController.swift */ = {isa = PBXFileReference; lastKnownFileType = sourcecode.swift; path = NotificationController.swift; sourceTree = "<group>"; };
		278F5F36274DA24C00969C31 /* NotificationView.swift */ = {isa = PBXFileReference; lastKnownFileType = sourcecode.swift; path = NotificationView.swift; sourceTree = "<group>"; };
		278F5F38274DA24C00969C31 /* ComplicationController.swift */ = {isa = PBXFileReference; lastKnownFileType = sourcecode.swift; path = ComplicationController.swift; sourceTree = "<group>"; };
		278F5F3A274DA24D00969C31 /* Assets.xcassets */ = {isa = PBXFileReference; lastKnownFileType = folder.assetcatalog; path = Assets.xcassets; sourceTree = "<group>"; };
		278F5F3D274DA24D00969C31 /* Preview Assets.xcassets */ = {isa = PBXFileReference; lastKnownFileType = folder.assetcatalog; path = "Preview Assets.xcassets"; sourceTree = "<group>"; };
		278F5F3F274DA24D00969C31 /* Info.plist */ = {isa = PBXFileReference; lastKnownFileType = text.plist.xml; path = Info.plist; sourceTree = "<group>"; };
		278F5F40274DA24D00969C31 /* PushNotificationPayload.apns */ = {isa = PBXFileReference; lastKnownFileType = text; path = PushNotificationPayload.apns; sourceTree = "<group>"; };
		278F5F4E274DA2D900969C31 /* NotesOnNotes.md */ = {isa = PBXFileReference; fileEncoding = 4; lastKnownFileType = net.daringfireball.markdown; path = NotesOnNotes.md; sourceTree = "<group>"; };
		278F5F4F274DA2D900969C31 /* notesPictures */ = {isa = PBXFileReference; lastKnownFileType = folder; path = notesPictures; sourceTree = "<group>"; };
		278F5F54274F055A00969C31 /* Note.swift */ = {isa = PBXFileReference; lastKnownFileType = sourcecode.swift; path = Note.swift; sourceTree = "<group>"; };
		27F2431A2759690E0058A959 /* DetailView.swift */ = {isa = PBXFileReference; lastKnownFileType = sourcecode.swift; path = DetailView.swift; sourceTree = "<group>"; };
		27F2431C27597CE30058A959 /* CreditsView.swift */ = {isa = PBXFileReference; lastKnownFileType = sourcecode.swift; path = CreditsView.swift; sourceTree = "<group>"; };
		27F2431F27597E320058A959 /* HeaderView.swift */ = {isa = PBXFileReference; lastKnownFileType = sourcecode.swift; path = HeaderView.swift; sourceTree = "<group>"; };
		27F2432127598AA30058A959 /* SettingsView.swift */ = {isa = PBXFileReference; lastKnownFileType = sourcecode.swift; path = SettingsView.swift; sourceTree = "<group>"; };
/* End PBXFileReference section */

/* Begin PBXFrameworksBuildPhase section */
		278F5F28274DA24C00969C31 /* Frameworks */ = {
			isa = PBXFrameworksBuildPhase;
			buildActionMask = 2147483647;
			files = (
			);
			runOnlyForDeploymentPostprocessing = 0;
		};
/* End PBXFrameworksBuildPhase section */

/* Begin PBXGroup section */
		278F5F15274DA24900969C31 = {
			isa = PBXGroup;
			children = (
				278F5F4E274DA2D900969C31 /* NotesOnNotes.md */,
				278F5F4F274DA2D900969C31 /* notesPictures */,
				278F5F24274DA24900969C31 /* Notes WatchKit App */,
				278F5F2F274DA24C00969C31 /* Notes WatchKit Extension */,
				278F5F1D274DA24900969C31 /* Products */,
			);
			sourceTree = "<group>";
		};
		278F5F1D274DA24900969C31 /* Products */ = {
			isa = PBXGroup;
			children = (
				278F5F1C274DA24900969C31 /* Notes.app */,
				278F5F20274DA24900969C31 /* Notes WatchKit App.app */,
				278F5F2B274DA24C00969C31 /* Notes WatchKit Extension.appex */,
			);
			name = Products;
			sourceTree = "<group>";
		};
		278F5F24274DA24900969C31 /* Notes WatchKit App */ = {
			isa = PBXGroup;
			children = (
				278F5F25274DA24C00969C31 /* Assets.xcassets */,
			);
			path = "Notes WatchKit App";
			sourceTree = "<group>";
		};
		278F5F2F274DA24C00969C31 /* Notes WatchKit Extension */ = {
			isa = PBXGroup;
			children = (
				27F2431E27597E1E0058A959 /* Component */,
				278F5F53274F04C600969C31 /* Model */,
				278F5F30274DA24C00969C31 /* NotesApp.swift */,
				278F5F52274F040200969C31 /* View */,
				278F5F34274DA24C00969C31 /* NotificationController.swift */,
				278F5F36274DA24C00969C31 /* NotificationView.swift */,
				278F5F38274DA24C00969C31 /* ComplicationController.swift */,
				278F5F3A274DA24D00969C31 /* Assets.xcassets */,
				278F5F3F274DA24D00969C31 /* Info.plist */,
				278F5F40274DA24D00969C31 /* PushNotificationPayload.apns */,
				278F5F3C274DA24D00969C31 /* Preview Content */,
			);
			path = "Notes WatchKit Extension";
			sourceTree = "<group>";
		};
		278F5F3C274DA24D00969C31 /* Preview Content */ = {
			isa = PBXGroup;
			children = (
				278F5F3D274DA24D00969C31 /* Preview Assets.xcassets */,
			);
			path = "Preview Content";
			sourceTree = "<group>";
		};
		278F5F52274F040200969C31 /* View */ = {
			isa = PBXGroup;
			children = (
				278F5F32274DA24C00969C31 /* ContentView.swift */,
				27F2431A2759690E0058A959 /* DetailView.swift */,
				27F2431C27597CE30058A959 /* CreditsView.swift */,
				27F2432127598AA30058A959 /* SettingsView.swift */,
			);
			path = View;
			sourceTree = "<group>";
		};
		278F5F53274F04C600969C31 /* Model */ = {
			isa = PBXGroup;
			children = (
				278F5F54274F055A00969C31 /* Note.swift */,
			);
			path = Model;
			sourceTree = "<group>";
		};
		27F2431E27597E1E0058A959 /* Component */ = {
			isa = PBXGroup;
			children = (
				27F2431F27597E320058A959 /* HeaderView.swift */,
			);
			path = Component;
			sourceTree = "<group>";
		};
/* End PBXGroup section */

/* Begin PBXNativeTarget section */
		278F5F1B274DA24900969C31 /* Notes */ = {
			isa = PBXNativeTarget;
			buildConfigurationList = 278F5F4B274DA24D00969C31 /* Build configuration list for PBXNativeTarget "Notes" */;
			buildPhases = (
				278F5F1A274DA24900969C31 /* Resources */,
				278F5F4A274DA24D00969C31 /* Embed Watch Content */,
			);
			buildRules = (
			);
			dependencies = (
				278F5F23274DA24900969C31 /* PBXTargetDependency */,
			);
			name = Notes;
			productName = Notes;
			productReference = 278F5F1C274DA24900969C31 /* Notes.app */;
			productType = "com.apple.product-type.application.watchapp2-container";
		};
		278F5F1F274DA24900969C31 /* Notes WatchKit App */ = {
			isa = PBXNativeTarget;
			buildConfigurationList = 278F5F47274DA24D00969C31 /* Build configuration list for PBXNativeTarget "Notes WatchKit App" */;
			buildPhases = (
				278F5F1E274DA24900969C31 /* Resources */,
				278F5F46274DA24D00969C31 /* Embed App Extensions */,
			);
			buildRules = (
			);
			dependencies = (
				278F5F2E274DA24C00969C31 /* PBXTargetDependency */,
			);
			name = "Notes WatchKit App";
			productName = "Notes WatchKit App";
			productReference = 278F5F20274DA24900969C31 /* Notes WatchKit App.app */;
			productType = "com.apple.product-type.application.watchapp2";
		};
		278F5F2A274DA24C00969C31 /* Notes WatchKit Extension */ = {
			isa = PBXNativeTarget;
			buildConfigurationList = 278F5F43274DA24D00969C31 /* Build configuration list for PBXNativeTarget "Notes WatchKit Extension" */;
			buildPhases = (
				278F5F27274DA24C00969C31 /* Sources */,
				278F5F28274DA24C00969C31 /* Frameworks */,
				278F5F29274DA24C00969C31 /* Resources */,
			);
			buildRules = (
			);
			dependencies = (
			);
			name = "Notes WatchKit Extension";
			productName = "Notes WatchKit Extension";
			productReference = 278F5F2B274DA24C00969C31 /* Notes WatchKit Extension.appex */;
			productType = "com.apple.product-type.watchkit2-extension";
		};
/* End PBXNativeTarget section */

/* Begin PBXProject section */
		278F5F16274DA24900969C31 /* Project object */ = {
			isa = PBXProject;
			attributes = {
				BuildIndependentTargetsInParallel = 1;
				LastSwiftUpdateCheck = 1310;
				LastUpgradeCheck = 1310;
				TargetAttributes = {
					278F5F1B274DA24900969C31 = {
						CreatedOnToolsVersion = 13.1;
					};
					278F5F1F274DA24900969C31 = {
						CreatedOnToolsVersion = 13.1;
					};
					278F5F2A274DA24C00969C31 = {
						CreatedOnToolsVersion = 13.1;
					};
				};
			};
			buildConfigurationList = 278F5F19274DA24900969C31 /* Build configuration list for PBXProject "Notes" */;
			compatibilityVersion = "Xcode 13.0";
			developmentRegion = en;
			hasScannedForEncodings = 0;
			knownRegions = (
				en,
				Base,
			);
			mainGroup = 278F5F15274DA24900969C31;
			productRefGroup = 278F5F1D274DA24900969C31 /* Products */;
			projectDirPath = "";
			projectRoot = "";
			targets = (
				278F5F1B274DA24900969C31 /* Notes */,
				278F5F1F274DA24900969C31 /* Notes WatchKit App */,
				278F5F2A274DA24C00969C31 /* Notes WatchKit Extension */,
			);
		};
/* End PBXProject section */

/* Begin PBXResourcesBuildPhase section */
		278F5F1A274DA24900969C31 /* Resources */ = {
			isa = PBXResourcesBuildPhase;
			buildActionMask = 2147483647;
			files = (
				278F5F50274DA2DA00969C31 /* NotesOnNotes.md in Resources */,
				278F5F51274DA2DA00969C31 /* notesPictures in Resources */,
			);
			runOnlyForDeploymentPostprocessing = 0;
		};
		278F5F1E274DA24900969C31 /* Resources */ = {
			isa = PBXResourcesBuildPhase;
			buildActionMask = 2147483647;
			files = (
				278F5F26274DA24C00969C31 /* Assets.xcassets in Resources */,
			);
			runOnlyForDeploymentPostprocessing = 0;
		};
		278F5F29274DA24C00969C31 /* Resources */ = {
			isa = PBXResourcesBuildPhase;
			buildActionMask = 2147483647;
			files = (
				278F5F3E274DA24D00969C31 /* Preview Assets.xcassets in Resources */,
				278F5F3B274DA24D00969C31 /* Assets.xcassets in Resources */,
			);
			runOnlyForDeploymentPostprocessing = 0;
		};
/* End PBXResourcesBuildPhase section */

/* Begin PBXSourcesBuildPhase section */
		278F5F27274DA24C00969C31 /* Sources */ = {
			isa = PBXSourcesBuildPhase;
			buildActionMask = 2147483647;
			files = (
				278F5F35274DA24C00969C31 /* NotificationController.swift in Sources */,
				27F2432027597E320058A959 /* HeaderView.swift in Sources */,
				278F5F33274DA24C00969C31 /* ContentView.swift in Sources */,
				278F5F39274DA24C00969C31 /* ComplicationController.swift in Sources */,
				27F2431B2759690E0058A959 /* DetailView.swift in Sources */,
				27F2432227598AA30058A959 /* SettingsView.swift in Sources */,
				278F5F31274DA24C00969C31 /* NotesApp.swift in Sources */,
				27F2431D27597CE30058A959 /* CreditsView.swift in Sources */,
				278F5F37274DA24C00969C31 /* NotificationView.swift in Sources */,
				278F5F55274F055A00969C31 /* Note.swift in Sources */,
			);
			runOnlyForDeploymentPostprocessing = 0;
		};
/* End PBXSourcesBuildPhase section */

/* Begin PBXTargetDependency section */
		278F5F23274DA24900969C31 /* PBXTargetDependency */ = {
			isa = PBXTargetDependency;
			target = 278F5F1F274DA24900969C31 /* Notes WatchKit App */;
			targetProxy = 278F5F22274DA24900969C31 /* PBXContainerItemProxy */;
		};
		278F5F2E274DA24C00969C31 /* PBXTargetDependency */ = {
			isa = PBXTargetDependency;
			target = 278F5F2A274DA24C00969C31 /* Notes WatchKit Extension */;
			targetProxy = 278F5F2D274DA24C00969C31 /* PBXContainerItemProxy */;
		};
/* End PBXTargetDependency section */

/* Begin XCBuildConfiguration section */
		278F5F41274DA24D00969C31 /* Debug */ = {
			isa = XCBuildConfiguration;
			buildSettings = {
				ALWAYS_SEARCH_USER_PATHS = NO;
				CLANG_ANALYZER_NONNULL = YES;
				CLANG_ANALYZER_NUMBER_OBJECT_CONVERSION = YES_AGGRESSIVE;
				CLANG_CXX_LANGUAGE_STANDARD = "gnu++17";
				CLANG_CXX_LIBRARY = "libc++";
				CLANG_ENABLE_MODULES = YES;
				CLANG_ENABLE_OBJC_ARC = YES;
				CLANG_ENABLE_OBJC_WEAK = YES;
				CLANG_WARN_BLOCK_CAPTURE_AUTORELEASING = YES;
				CLANG_WARN_BOOL_CONVERSION = YES;
				CLANG_WARN_COMMA = YES;
				CLANG_WARN_CONSTANT_CONVERSION = YES;
				CLANG_WARN_DEPRECATED_OBJC_IMPLEMENTATIONS = YES;
				CLANG_WARN_DIRECT_OBJC_ISA_USAGE = YES_ERROR;
				CLANG_WARN_DOCUMENTATION_COMMENTS = YES;
				CLANG_WARN_EMPTY_BODY = YES;
				CLANG_WARN_ENUM_CONVERSION = YES;
				CLANG_WARN_INFINITE_RECURSION = YES;
				CLANG_WARN_INT_CONVERSION = YES;
				CLANG_WARN_NON_LITERAL_NULL_CONVERSION = YES;
				CLANG_WARN_OBJC_IMPLICIT_RETAIN_SELF = YES;
				CLANG_WARN_OBJC_LITERAL_CONVERSION = YES;
				CLANG_WARN_OBJC_ROOT_CLASS = YES_ERROR;
				CLANG_WARN_QUOTED_INCLUDE_IN_FRAMEWORK_HEADER = YES;
				CLANG_WARN_RANGE_LOOP_ANALYSIS = YES;
				CLANG_WARN_STRICT_PROTOTYPES = YES;
				CLANG_WARN_SUSPICIOUS_MOVE = YES;
				CLANG_WARN_UNGUARDED_AVAILABILITY = YES_AGGRESSIVE;
				CLANG_WARN_UNREACHABLE_CODE = YES;
				CLANG_WARN__DUPLICATE_METHOD_MATCH = YES;
				COPY_PHASE_STRIP = NO;
				DEBUG_INFORMATION_FORMAT = dwarf;
				ENABLE_STRICT_OBJC_MSGSEND = YES;
				ENABLE_TESTABILITY = YES;
				GCC_C_LANGUAGE_STANDARD = gnu11;
				GCC_DYNAMIC_NO_PIC = NO;
				GCC_NO_COMMON_BLOCKS = YES;
				GCC_OPTIMIZATION_LEVEL = 0;
				GCC_PREPROCESSOR_DEFINITIONS = (
					"DEBUG=1",
					"$(inherited)",
				);
				GCC_WARN_64_TO_32_BIT_CONVERSION = YES;
				GCC_WARN_ABOUT_RETURN_TYPE = YES_ERROR;
				GCC_WARN_UNDECLARED_SELECTOR = YES;
				GCC_WARN_UNINITIALIZED_AUTOS = YES_AGGRESSIVE;
				GCC_WARN_UNUSED_FUNCTION = YES;
				GCC_WARN_UNUSED_VARIABLE = YES;
				MTL_ENABLE_DEBUG_INFO = INCLUDE_SOURCE;
				MTL_FAST_MATH = YES;
				ONLY_ACTIVE_ARCH = YES;
				SDKROOT = iphoneos;
				SWIFT_ACTIVE_COMPILATION_CONDITIONS = DEBUG;
				SWIFT_OPTIMIZATION_LEVEL = "-Onone";
			};
			name = Debug;
		};
		278F5F42274DA24D00969C31 /* Release */ = {
			isa = XCBuildConfiguration;
			buildSettings = {
				ALWAYS_SEARCH_USER_PATHS = NO;
				CLANG_ANALYZER_NONNULL = YES;
				CLANG_ANALYZER_NUMBER_OBJECT_CONVERSION = YES_AGGRESSIVE;
				CLANG_CXX_LANGUAGE_STANDARD = "gnu++17";
				CLANG_CXX_LIBRARY = "libc++";
				CLANG_ENABLE_MODULES = YES;
				CLANG_ENABLE_OBJC_ARC = YES;
				CLANG_ENABLE_OBJC_WEAK = YES;
				CLANG_WARN_BLOCK_CAPTURE_AUTORELEASING = YES;
				CLANG_WARN_BOOL_CONVERSION = YES;
				CLANG_WARN_COMMA = YES;
				CLANG_WARN_CONSTANT_CONVERSION = YES;
				CLANG_WARN_DEPRECATED_OBJC_IMPLEMENTATIONS = YES;
				CLANG_WARN_DIRECT_OBJC_ISA_USAGE = YES_ERROR;
				CLANG_WARN_DOCUMENTATION_COMMENTS = YES;
				CLANG_WARN_EMPTY_BODY = YES;
				CLANG_WARN_ENUM_CONVERSION = YES;
				CLANG_WARN_INFINITE_RECURSION = YES;
				CLANG_WARN_INT_CONVERSION = YES;
				CLANG_WARN_NON_LITERAL_NULL_CONVERSION = YES;
				CLANG_WARN_OBJC_IMPLICIT_RETAIN_SELF = YES;
				CLANG_WARN_OBJC_LITERAL_CONVERSION = YES;
				CLANG_WARN_OBJC_ROOT_CLASS = YES_ERROR;
				CLANG_WARN_QUOTED_INCLUDE_IN_FRAMEWORK_HEADER = YES;
				CLANG_WARN_RANGE_LOOP_ANALYSIS = YES;
				CLANG_WARN_STRICT_PROTOTYPES = YES;
				CLANG_WARN_SUSPICIOUS_MOVE = YES;
				CLANG_WARN_UNGUARDED_AVAILABILITY = YES_AGGRESSIVE;
				CLANG_WARN_UNREACHABLE_CODE = YES;
				CLANG_WARN__DUPLICATE_METHOD_MATCH = YES;
				COPY_PHASE_STRIP = NO;
				DEBUG_INFORMATION_FORMAT = "dwarf-with-dsym";
				ENABLE_NS_ASSERTIONS = NO;
				ENABLE_STRICT_OBJC_MSGSEND = YES;
				GCC_C_LANGUAGE_STANDARD = gnu11;
				GCC_NO_COMMON_BLOCKS = YES;
				GCC_WARN_64_TO_32_BIT_CONVERSION = YES;
				GCC_WARN_ABOUT_RETURN_TYPE = YES_ERROR;
				GCC_WARN_UNDECLARED_SELECTOR = YES;
				GCC_WARN_UNINITIALIZED_AUTOS = YES_AGGRESSIVE;
				GCC_WARN_UNUSED_FUNCTION = YES;
				GCC_WARN_UNUSED_VARIABLE = YES;
				MTL_ENABLE_DEBUG_INFO = NO;
				MTL_FAST_MATH = YES;
				SDKROOT = iphoneos;
				SWIFT_COMPILATION_MODE = wholemodule;
				SWIFT_OPTIMIZATION_LEVEL = "-O";
				VALIDATE_PRODUCT = YES;
			};
			name = Release;
		};
		278F5F44274DA24D00969C31 /* Debug */ = {
			isa = XCBuildConfiguration;
			buildSettings = {
				ASSETCATALOG_COMPILER_COMPLICATION_NAME = Complication;
				CODE_SIGN_STYLE = Automatic;
				CURRENT_PROJECT_VERSION = 1;
				DEVELOPMENT_ASSET_PATHS = "\"Notes WatchKit Extension/Preview Content\"";
				DEVELOPMENT_TEAM = D9566M9PU5;
				ENABLE_PREVIEWS = YES;
				GENERATE_INFOPLIST_FILE = YES;
				INFOPLIST_FILE = "Notes WatchKit Extension/Info.plist";
				INFOPLIST_KEY_CFBundleDisplayName = "Notes WatchKit Extension";
				INFOPLIST_KEY_CLKComplicationPrincipalClass = "$(PRODUCT_MODULE_NAME).ComplicationController";
				INFOPLIST_KEY_NSHumanReadableCopyright = "";
				INFOPLIST_KEY_WKWatchOnly = YES;
				LD_RUNPATH_SEARCH_PATHS = (
					"$(inherited)",
					"@executable_path/Frameworks",
					"@executable_path/../../Frameworks",
				);
				MARKETING_VERSION = 1.0;
				PRODUCT_BUNDLE_IDENTIFIER = org.allnightstarparty.credo.acadamy.test.series.a.Notes.watchkitapp.watchkitextension;
				PRODUCT_NAME = "${TARGET_NAME}";
				SDKROOT = watchos;
				SKIP_INSTALL = YES;
				SWIFT_EMIT_LOC_STRINGS = YES;
				SWIFT_VERSION = 5.0;
				TARGETED_DEVICE_FAMILY = 4;
				WATCHOS_DEPLOYMENT_TARGET = 8.0;
			};
			name = Debug;
		};
		278F5F45274DA24D00969C31 /* Release */ = {
			isa = XCBuildConfiguration;
			buildSettings = {
				ASSETCATALOG_COMPILER_COMPLICATION_NAME = Complication;
				CODE_SIGN_STYLE = Automatic;
				CURRENT_PROJECT_VERSION = 1;
				DEVELOPMENT_ASSET_PATHS = "\"Notes WatchKit Extension/Preview Content\"";
				DEVELOPMENT_TEAM = D9566M9PU5;
				ENABLE_PREVIEWS = YES;
				GENERATE_INFOPLIST_FILE = YES;
				INFOPLIST_FILE = "Notes WatchKit Extension/Info.plist";
				INFOPLIST_KEY_CFBundleDisplayName = "Notes WatchKit Extension";
				INFOPLIST_KEY_CLKComplicationPrincipalClass = "$(PRODUCT_MODULE_NAME).ComplicationController";
				INFOPLIST_KEY_NSHumanReadableCopyright = "";
				INFOPLIST_KEY_WKWatchOnly = YES;
				LD_RUNPATH_SEARCH_PATHS = (
					"$(inherited)",
					"@executable_path/Frameworks",
					"@executable_path/../../Frameworks",
				);
				MARKETING_VERSION = 1.0;
				PRODUCT_BUNDLE_IDENTIFIER = org.allnightstarparty.credo.acadamy.test.series.a.Notes.watchkitapp.watchkitextension;
				PRODUCT_NAME = "${TARGET_NAME}";
				SDKROOT = watchos;
				SKIP_INSTALL = YES;
				SWIFT_EMIT_LOC_STRINGS = YES;
				SWIFT_VERSION = 5.0;
				TARGETED_DEVICE_FAMILY = 4;
				WATCHOS_DEPLOYMENT_TARGET = 8.0;
			};
			name = Release;
		};
		278F5F48274DA24D00969C31 /* Debug */ = {
			isa = XCBuildConfiguration;
			buildSettings = {
				ALWAYS_EMBED_SWIFT_STANDARD_LIBRARIES = YES;
				ASSETCATALOG_COMPILER_APPICON_NAME = AppIcon;
				ASSETCATALOG_COMPILER_GLOBAL_ACCENT_COLOR_NAME = AccentColor;
				CODE_SIGN_STYLE = Automatic;
				CURRENT_PROJECT_VERSION = 1;
				DEVELOPMENT_TEAM = D9566M9PU5;
				GENERATE_INFOPLIST_FILE = YES;
				IBSC_MODULE = Notes_WatchKit_Extension;
				INFOPLIST_KEY_CFBundleDisplayName = "Notes WatchKit App";
				INFOPLIST_KEY_UISupportedInterfaceOrientations = "UIInterfaceOrientationPortrait UIInterfaceOrientationPortraitUpsideDown";
				MARKETING_VERSION = 1.0;
				PRODUCT_BUNDLE_IDENTIFIER = org.allnightstarparty.credo.acadamy.test.series.a.Notes.watchkitapp;
				PRODUCT_NAME = "$(TARGET_NAME)";
				SDKROOT = watchos;
				SKIP_INSTALL = YES;
				SWIFT_EMIT_LOC_STRINGS = YES;
				SWIFT_VERSION = 5.0;
				TARGETED_DEVICE_FAMILY = 4;
				WATCHOS_DEPLOYMENT_TARGET = 8.0;
			};
			name = Debug;
		};
		278F5F49274DA24D00969C31 /* Release */ = {
			isa = XCBuildConfiguration;
			buildSettings = {
				ALWAYS_EMBED_SWIFT_STANDARD_LIBRARIES = YES;
				ASSETCATALOG_COMPILER_APPICON_NAME = AppIcon;
				ASSETCATALOG_COMPILER_GLOBAL_ACCENT_COLOR_NAME = AccentColor;
				CODE_SIGN_STYLE = Automatic;
				CURRENT_PROJECT_VERSION = 1;
				DEVELOPMENT_TEAM = D9566M9PU5;
				GENERATE_INFOPLIST_FILE = YES;
				IBSC_MODULE = Notes_WatchKit_Extension;
				INFOPLIST_KEY_CFBundleDisplayName = "Notes WatchKit App";
				INFOPLIST_KEY_UISupportedInterfaceOrientations = "UIInterfaceOrientationPortrait UIInterfaceOrientationPortraitUpsideDown";
				MARKETING_VERSION = 1.0;
				PRODUCT_BUNDLE_IDENTIFIER = org.allnightstarparty.credo.acadamy.test.series.a.Notes.watchkitapp;
				PRODUCT_NAME = "$(TARGET_NAME)";
				SDKROOT = watchos;
				SKIP_INSTALL = YES;
				SWIFT_EMIT_LOC_STRINGS = YES;
				SWIFT_VERSION = 5.0;
				TARGETED_DEVICE_FAMILY = 4;
				WATCHOS_DEPLOYMENT_TARGET = 8.0;
			};
			name = Release;
		};
		278F5F4C274DA24D00969C31 /* Debug */ = {
			isa = XCBuildConfiguration;
			buildSettings = {
				CODE_SIGN_STYLE = Automatic;
				CURRENT_PROJECT_VERSION = 1;
				DEVELOPMENT_TEAM = D9566M9PU5;
				MARKETING_VERSION = 1.0;
				PRODUCT_BUNDLE_IDENTIFIER = org.allnightstarparty.credo.acadamy.test.series.a.Notes;
				PRODUCT_NAME = "$(TARGET_NAME)";
				SWIFT_VERSION = 5.0;
			};
			name = Debug;
		};
		278F5F4D274DA24D00969C31 /* Release */ = {
			isa = XCBuildConfiguration;
			buildSettings = {
				CODE_SIGN_STYLE = Automatic;
				CURRENT_PROJECT_VERSION = 1;
				DEVELOPMENT_TEAM = D9566M9PU5;
				MARKETING_VERSION = 1.0;
				PRODUCT_BUNDLE_IDENTIFIER = org.allnightstarparty.credo.acadamy.test.series.a.Notes;
				PRODUCT_NAME = "$(TARGET_NAME)";
				SWIFT_VERSION = 5.0;
			};
			name = Release;
		};
/* End XCBuildConfiguration section */

/* Begin XCConfigurationList section */
		278F5F19274DA24900969C31 /* Build configuration list for PBXProject "Notes" */ = {
			isa = XCConfigurationList;
			buildConfigurations = (
				278F5F41274DA24D00969C31 /* Debug */,
				278F5F42274DA24D00969C31 /* Release */,
			);
			defaultConfigurationIsVisible = 0;
			defaultConfigurationName = Release;
		};
		278F5F43274DA24D00969C31 /* Build configuration list for PBXNativeTarget "Notes WatchKit Extension" */ = {
			isa = XCConfigurationList;
			buildConfigurations = (
				278F5F44274DA24D00969C31 /* Debug */,
				278F5F45274DA24D00969C31 /* Release */,
			);
			defaultConfigurationIsVisible = 0;
			defaultConfigurationName = Release;
		};
		278F5F47274DA24D00969C31 /* Build configuration list for PBXNativeTarget "Notes WatchKit App" */ = {
			isa = XCConfigurationList;
			buildConfigurations = (
				278F5F48274DA24D00969C31 /* Debug */,
				278F5F49274DA24D00969C31 /* Release */,
			);
			defaultConfigurationIsVisible = 0;
			defaultConfigurationName = Release;
		};
		278F5F4B274DA24D00969C31 /* Build configuration list for PBXNativeTarget "Notes" */ = {
			isa = XCConfigurationList;
			buildConfigurations = (
				278F5F4C274DA24D00969C31 /* Debug */,
				278F5F4D274DA24D00969C31 /* Release */,
			);
			defaultConfigurationIsVisible = 0;
			defaultConfigurationName = Release;
		};
/* End XCConfigurationList section */
	};
	rootObject = 278F5F16274DA24900969C31 /* Project object */;
}
